// !$*UTF8*$!
{
	archiveVersion = 1;
	classes = {
	};
	objectVersion = 46;
	objects = {

/* Begin PBXBuildFile section */
		29D048B0CDA3C2E9189537D2 /* Pods_Demo.framework in Frameworks */ = {isa = PBXBuildFile; fileRef = 317F2EC53DD45FCB82C1A829 /* Pods_Demo.framework */; };
		2E8B1C511361CCEB002B7CD7 /* Cocoa.framework in Frameworks */ = {isa = PBXBuildFile; fileRef = 2E8B1C501361CCEB002B7CD7 /* Cocoa.framework */; };
		2E8B1C5E1361CCEB002B7CD7 /* main.m in Sources */ = {isa = PBXBuildFile; fileRef = 2E8B1C5D1361CCEB002B7CD7 /* main.m */; };
		2E8B1C641361CCEB002B7CD7 /* DemoAppDelegate.m in Sources */ = {isa = PBXBuildFile; fileRef = 2E8B1C631361CCEB002B7CD7 /* DemoAppDelegate.m */; };
		2E8B1C671361CCEC002B7CD7 /* MainMenu.xib in Resources */ = {isa = PBXBuildFile; fileRef = 2E8B1C651361CCEC002B7CD7 /* MainMenu.xib */; };
		2E8B1C811361D16A002B7CD7 /* GeneralPreferencesViewController.m in Sources */ = {isa = PBXBuildFile; fileRef = 2E8B1C801361D16A002B7CD7 /* GeneralPreferencesViewController.m */; };
		2E8B1C841361D254002B7CD7 /* AdvancedPreferencesViewController.m in Sources */ = {isa = PBXBuildFile; fileRef = 2E8B1C831361D254002B7CD7 /* AdvancedPreferencesViewController.m */; };
		2E8B1C871361D2EC002B7CD7 /* AdvancedPreferencesView.xib in Resources */ = {isa = PBXBuildFile; fileRef = 2E8B1C851361D2EC002B7CD7 /* AdvancedPreferencesView.xib */; };
		2E8B1C881361D2EC002B7CD7 /* GeneralPreferencesView.xib in Resources */ = {isa = PBXBuildFile; fileRef = 2E8B1C861361D2EC002B7CD7 /* GeneralPreferencesView.xib */; };
/* End PBXBuildFile section */

/* Begin PBXFileReference section */
		2E8B1C4C1361CCEB002B7CD7 /* Demo.app */ = {isa = PBXFileReference; explicitFileType = wrapper.application; includeInIndex = 0; path = Demo.app; sourceTree = BUILT_PRODUCTS_DIR; };
		2E8B1C501361CCEB002B7CD7 /* Cocoa.framework */ = {isa = PBXFileReference; lastKnownFileType = wrapper.framework; name = Cocoa.framework; path = System/Library/Frameworks/Cocoa.framework; sourceTree = SDKROOT; };
		2E8B1C531361CCEB002B7CD7 /* AppKit.framework */ = {isa = PBXFileReference; lastKnownFileType = wrapper.framework; name = AppKit.framework; path = System/Library/Frameworks/AppKit.framework; sourceTree = SDKROOT; };
		2E8B1C541361CCEB002B7CD7 /* CoreData.framework */ = {isa = PBXFileReference; lastKnownFileType = wrapper.framework; name = CoreData.framework; path = System/Library/Frameworks/CoreData.framework; sourceTree = SDKROOT; };
		2E8B1C551361CCEB002B7CD7 /* Foundation.framework */ = {isa = PBXFileReference; lastKnownFileType = wrapper.framework; name = Foundation.framework; path = System/Library/Frameworks/Foundation.framework; sourceTree = SDKROOT; };
		2E8B1C581361CCEB002B7CD7 /* Demo-Info.plist */ = {isa = PBXFileReference; lastKnownFileType = text.plist.xml; path = "Demo-Info.plist"; sourceTree = "<group>"; };
		2E8B1C5C1361CCEB002B7CD7 /* Demo-Prefix.pch */ = {isa = PBXFileReference; lastKnownFileType = sourcecode.c.h; path = "Demo-Prefix.pch"; sourceTree = "<group>"; };
		2E8B1C5D1361CCEB002B7CD7 /* main.m */ = {isa = PBXFileReference; lastKnownFileType = sourcecode.c.objc; path = main.m; sourceTree = "<group>"; };
		2E8B1C621361CCEB002B7CD7 /* DemoAppDelegate.h */ = {isa = PBXFileReference; lastKnownFileType = sourcecode.c.h; path = DemoAppDelegate.h; sourceTree = "<group>"; };
		2E8B1C631361CCEB002B7CD7 /* DemoAppDelegate.m */ = {isa = PBXFileReference; lastKnownFileType = sourcecode.c.objc; path = DemoAppDelegate.m; sourceTree = "<group>"; };
		2E8B1C661361CCEC002B7CD7 /* en */ = {isa = PBXFileReference; lastKnownFileType = file.xib; name = en; path = en.lproj/MainMenu.xib; sourceTree = "<group>"; };
		2E8B1C7F1361D16A002B7CD7 /* GeneralPreferencesViewController.h */ = {isa = PBXFileReference; fileEncoding = 4; lastKnownFileType = sourcecode.c.h; path = GeneralPreferencesViewController.h; sourceTree = "<group>"; };
		2E8B1C801361D16A002B7CD7 /* GeneralPreferencesViewController.m */ = {isa = PBXFileReference; fileEncoding = 4; lastKnownFileType = sourcecode.c.objc; path = GeneralPreferencesViewController.m; sourceTree = "<group>"; };
		2E8B1C821361D254002B7CD7 /* AdvancedPreferencesViewController.h */ = {isa = PBXFileReference; fileEncoding = 4; lastKnownFileType = sourcecode.c.h; path = AdvancedPreferencesViewController.h; sourceTree = "<group>"; };
		2E8B1C831361D254002B7CD7 /* AdvancedPreferencesViewController.m */ = {isa = PBXFileReference; fileEncoding = 4; lastKnownFileType = sourcecode.c.objc; path = AdvancedPreferencesViewController.m; sourceTree = "<group>"; };
		2E8B1C851361D2EC002B7CD7 /* AdvancedPreferencesView.xib */ = {isa = PBXFileReference; fileEncoding = 4; lastKnownFileType = file.xib; path = AdvancedPreferencesView.xib; sourceTree = "<group>"; };
		2E8B1C861361D2EC002B7CD7 /* GeneralPreferencesView.xib */ = {isa = PBXFileReference; fileEncoding = 4; lastKnownFileType = file.xib; path = GeneralPreferencesView.xib; sourceTree = "<group>"; };
		317F2EC53DD45FCB82C1A829 /* Pods_Demo.framework */ = {isa = PBXFileReference; explicitFileType = wrapper.framework; includeInIndex = 0; path = Pods_Demo.framework; sourceTree = BUILT_PRODUCTS_DIR; };
		80A686A71A08A2FFDCF5B910 /* Pods-Demo.debug.xcconfig */ = {isa = PBXFileReference; includeInIndex = 1; lastKnownFileType = text.xcconfig; name = "Pods-Demo.debug.xcconfig"; path = "Pods/Target Support Files/Pods-Demo/Pods-Demo.debug.xcconfig"; sourceTree = "<group>"; };
		EA96153DDECA74923900C4E3 /* Pods-Demo.release.xcconfig */ = {isa = PBXFileReference; includeInIndex = 1; lastKnownFileType = text.xcconfig; name = "Pods-Demo.release.xcconfig"; path = "Pods/Target Support Files/Pods-Demo/Pods-Demo.release.xcconfig"; sourceTree = "<group>"; };
/* End PBXFileReference section */

/* Begin PBXFrameworksBuildPhase section */
		2E8B1C491361CCEB002B7CD7 /* Frameworks */ = {
			isa = PBXFrameworksBuildPhase;
			buildActionMask = 2147483647;
			files = (
				2E8B1C511361CCEB002B7CD7 /* Cocoa.framework in Frameworks */,
				29D048B0CDA3C2E9189537D2 /* Pods_Demo.framework in Frameworks */,
			);
			runOnlyForDeploymentPostprocessing = 0;
		};
/* End PBXFrameworksBuildPhase section */

/* Begin PBXGroup section */
		2E8B1C411361CCEB002B7CD7 = {
			isa = PBXGroup;
			children = (
				2E8B1C561361CCEB002B7CD7 /* Demo */,
				2E8B1C4F1361CCEB002B7CD7 /* Frameworks */,
				2E8B1C4D1361CCEB002B7CD7 /* Products */,
				FB9D1ADDEDCF37EBCE676A1D /* Pods */,
			);
			sourceTree = "<group>";
		};
		2E8B1C4D1361CCEB002B7CD7 /* Products */ = {
			isa = PBXGroup;
			children = (
				2E8B1C4C1361CCEB002B7CD7 /* Demo.app */,
			);
			name = Products;
			sourceTree = "<group>";
		};
		2E8B1C4F1361CCEB002B7CD7 /* Frameworks */ = {
			isa = PBXGroup;
			children = (
				2E8B1C501361CCEB002B7CD7 /* Cocoa.framework */,
				2E8B1C521361CCEB002B7CD7 /* Other Frameworks */,
				317F2EC53DD45FCB82C1A829 /* Pods_Demo.framework */,
			);
			name = Frameworks;
			sourceTree = "<group>";
		};
		2E8B1C521361CCEB002B7CD7 /* Other Frameworks */ = {
			isa = PBXGroup;
			children = (
				2E8B1C531361CCEB002B7CD7 /* AppKit.framework */,
				2E8B1C541361CCEB002B7CD7 /* CoreData.framework */,
				2E8B1C551361CCEB002B7CD7 /* Foundation.framework */,
			);
			name = "Other Frameworks";
			sourceTree = "<group>";
		};
		2E8B1C561361CCEB002B7CD7 /* Demo */ = {
			isa = PBXGroup;
			children = (
				2E8B1C891361D301002B7CD7 /* Preferences */,
				2E8B1C621361CCEB002B7CD7 /* DemoAppDelegate.h */,
				2E8B1C631361CCEB002B7CD7 /* DemoAppDelegate.m */,
				2E8B1C651361CCEC002B7CD7 /* MainMenu.xib */,
				2E8B1C571361CCEB002B7CD7 /* Supporting Files */,
			);
			path = Demo;
			sourceTree = "<group>";
		};
		2E8B1C571361CCEB002B7CD7 /* Supporting Files */ = {
			isa = PBXGroup;
			children = (
				2E8B1C581361CCEB002B7CD7 /* Demo-Info.plist */,
				2E8B1C5C1361CCEB002B7CD7 /* Demo-Prefix.pch */,
				2E8B1C5D1361CCEB002B7CD7 /* main.m */,
			);
			name = "Supporting Files";
			sourceTree = "<group>";
		};
		2E8B1C891361D301002B7CD7 /* Preferences */ = {
			isa = PBXGroup;
			children = (
				2E8B1C7F1361D16A002B7CD7 /* GeneralPreferencesViewController.h */,
				2E8B1C801361D16A002B7CD7 /* GeneralPreferencesViewController.m */,
				2E8B1C861361D2EC002B7CD7 /* GeneralPreferencesView.xib */,
				2E8B1C821361D254002B7CD7 /* AdvancedPreferencesViewController.h */,
				2E8B1C831361D254002B7CD7 /* AdvancedPreferencesViewController.m */,
				2E8B1C851361D2EC002B7CD7 /* AdvancedPreferencesView.xib */,
			);
			name = Preferences;
			sourceTree = "<group>";
		};
		FB9D1ADDEDCF37EBCE676A1D /* Pods */ = {
			isa = PBXGroup;
			children = (
				80A686A71A08A2FFDCF5B910 /* Pods-Demo.debug.xcconfig */,
				EA96153DDECA74923900C4E3 /* Pods-Demo.release.xcconfig */,
			);
			name = Pods;
			sourceTree = "<group>";
		};
/* End PBXGroup section */

/* Begin PBXNativeTarget section */
		2E8B1C4B1361CCEB002B7CD7 /* Demo */ = {
			isa = PBXNativeTarget;
			buildConfigurationList = 2E8B1C6A1361CCEC002B7CD7 /* Build configuration list for PBXNativeTarget "Demo" */;
			buildPhases = (
				53D941915431F385C2BBF35B /* [CP] Check Pods Manifest.lock */,
				2E8B1C481361CCEB002B7CD7 /* Sources */,
				2E8B1C491361CCEB002B7CD7 /* Frameworks */,
				2E8B1C4A1361CCEB002B7CD7 /* Resources */,
				CE44CD152BE9C63F0A56DB69 /* [CP] Embed Pods Frameworks */,
				5374675995E449BF7DB72A50 /* [CP] Copy Pods Resources */,
			);
			buildRules = (
			);
			dependencies = (
			);
			name = Demo;
			productName = Demo;
			productReference = 2E8B1C4C1361CCEB002B7CD7 /* Demo.app */;
			productType = "com.apple.product-type.application";
		};
/* End PBXNativeTarget section */

/* Begin PBXProject section */
		2E8B1C431361CCEB002B7CD7 /* Project object */ = {
			isa = PBXProject;
			attributes = {
				LastUpgradeCheck = 0900;
			};
			buildConfigurationList = 2E8B1C461361CCEB002B7CD7 /* Build configuration list for PBXProject "Demo" */;
			compatibilityVersion = "Xcode 3.2";
			developmentRegion = English;
			hasScannedForEncodings = 0;
			knownRegions = (
				en,
			);
			mainGroup = 2E8B1C411361CCEB002B7CD7;
			productRefGroup = 2E8B1C4D1361CCEB002B7CD7 /* Products */;
			projectDirPath = "";
			projectRoot = "";
			targets = (
				2E8B1C4B1361CCEB002B7CD7 /* Demo */,
			);
		};
/* End PBXProject section */

/* Begin PBXResourcesBuildPhase section */
		2E8B1C4A1361CCEB002B7CD7 /* Resources */ = {
			isa = PBXResourcesBuildPhase;
			buildActionMask = 2147483647;
			files = (
				2E8B1C671361CCEC002B7CD7 /* MainMenu.xib in Resources */,
				2E8B1C871361D2EC002B7CD7 /* AdvancedPreferencesView.xib in Resources */,
				2E8B1C881361D2EC002B7CD7 /* GeneralPreferencesView.xib in Resources */,
			);
			runOnlyForDeploymentPostprocessing = 0;
		};
/* End PBXResourcesBuildPhase section */

/* Begin PBXShellScriptBuildPhase section */
		5374675995E449BF7DB72A50 /* [CP] Copy Pods Resources */ = {
			isa = PBXShellScriptBuildPhase;
			buildActionMask = 2147483647;
			files = (
			);
			inputPaths = (
			);
			name = "[CP] Copy Pods Resources";
			outputPaths = (
			);
			runOnlyForDeploymentPostprocessing = 0;
			shellPath = /bin/sh;
			shellScript = "\"${SRCROOT}/Pods/Target Support Files/Pods-Demo/Pods-Demo-resources.sh\"\n";
			showEnvVarsInLog = 0;
		};
		53D941915431F385C2BBF35B /* [CP] Check Pods Manifest.lock */ = {
			isa = PBXShellScriptBuildPhase;
			buildActionMask = 2147483647;
			files = (
			);
			inputPaths = (
				"${PODS_PODFILE_DIR_PATH}/Podfile.lock",
				"${PODS_ROOT}/Manifest.lock",
			);
			name = "[CP] Check Pods Manifest.lock";
			outputPaths = (
				"$(DERIVED_FILE_DIR)/Pods-Demo-checkManifestLockResult.txt",
			);
			runOnlyForDeploymentPostprocessing = 0;
			shellPath = /bin/sh;
			shellScript = "diff \"${PODS_PODFILE_DIR_PATH}/Podfile.lock\" \"${PODS_ROOT}/Manifest.lock\" > /dev/null\nif [ $? != 0 ] ; then\n    # print error to STDERR\n    echo \"error: The sandbox is not in sync with the Podfile.lock. Run 'pod install' or update your CocoaPods installation.\" >&2\n    exit 1\nfi\n# This output is used by Xcode 'outputs' to avoid re-running this script phase.\necho \"SUCCESS\" > \"${SCRIPT_OUTPUT_FILE_0}\"\n";
			showEnvVarsInLog = 0;
		};
		CE44CD152BE9C63F0A56DB69 /* [CP] Embed Pods Frameworks */ = {
			isa = PBXShellScriptBuildPhase;
			buildActionMask = 2147483647;
			files = (
			);
			inputPaths = (
				"${SRCROOT}/Pods/Target Support Files/Pods-Demo/Pods-Demo-frameworks.sh",
				"${BUILT_PRODUCTS_DIR}/MASPreferences/MASPreferences.framework",
			);
			name = "[CP] Embed Pods Frameworks";
			outputPaths = (
				"${TARGET_BUILD_DIR}/${FRAMEWORKS_FOLDER_PATH}/MASPreferences.framework",
			);
			runOnlyForDeploymentPostprocessing = 0;
			shellPath = /bin/sh;
			shellScript = "\"${SRCROOT}/Pods/Target Support Files/Pods-Demo/Pods-Demo-frameworks.sh\"\n";
			showEnvVarsInLog = 0;
		};
/* End PBXShellScriptBuildPhase section */

/* Begin PBXSourcesBuildPhase section */
		2E8B1C481361CCEB002B7CD7 /* Sources */ = {
			isa = PBXSourcesBuildPhase;
			buildActionMask = 2147483647;
			files = (
				2E8B1C5E1361CCEB002B7CD7 /* main.m in Sources */,
				2E8B1C641361CCEB002B7CD7 /* DemoAppDelegate.m in Sources */,
				2E8B1C811361D16A002B7CD7 /* GeneralPreferencesViewController.m in Sources */,
				2E8B1C841361D254002B7CD7 /* AdvancedPreferencesViewController.m in Sources */,
			);
			runOnlyForDeploymentPostprocessing = 0;
		};
/* End PBXSourcesBuildPhase section */

/* Begin PBXVariantGroup section */
		2E8B1C651361CCEC002B7CD7 /* MainMenu.xib */ = {
			isa = PBXVariantGroup;
			children = (
				2E8B1C661361CCEC002B7CD7 /* en */,
			);
			name = MainMenu.xib;
			sourceTree = "<group>";
		};
/* End PBXVariantGroup section */

/* Begin XCBuildConfiguration section */
		2E8B1C681361CCEC002B7CD7 /* Debug */ = {
			isa = XCBuildConfiguration;
			buildSettings = {
				CLANG_WARN_BLOCK_CAPTURE_AUTORELEASING = YES;
				CLANG_WARN_BOOL_CONVERSION = YES;
				CLANG_WARN_COMMA = YES;
				CLANG_WARN_CONSTANT_CONVERSION = YES;
				CLANG_WARN_EMPTY_BODY = YES;
				CLANG_WARN_ENUM_CONVERSION = YES;
				CLANG_WARN_INFINITE_RECURSION = YES;
				CLANG_WARN_INT_CONVERSION = YES;
				CLANG_WARN_NON_LITERAL_NULL_CONVERSION = YES;
				CLANG_WARN_OBJC_LITERAL_CONVERSION = YES;
				CLANG_WARN_RANGE_LOOP_ANALYSIS = YES;
				CLANG_WARN_STRICT_PROTOTYPES = YES;
				CLANG_WARN_SUSPICIOUS_MOVE = YES;
				CLANG_WARN_UNREACHABLE_CODE = YES;
				CLANG_WARN__DUPLICATE_METHOD_MATCH = YES;
				ENABLE_STRICT_OBJC_MSGSEND = YES;
				ENABLE_TESTABILITY = YES;
				GCC_C_LANGUAGE_STANDARD = gnu99;
				GCC_NO_COMMON_BLOCKS = YES;
				GCC_OPTIMIZATION_LEVEL = 0;
				GCC_PREPROCESSOR_DEFINITIONS = DEBUG;
				GCC_SYMBOLS_PRIVATE_EXTERN = NO;
				GCC_TREAT_WARNINGS_AS_ERRORS = YES;
				GCC_VERSION = com.apple.compilers.llvm.clang.1_0;
				GCC_WARN_64_TO_32_BIT_CONVERSION = YES;
				GCC_WARN_ABOUT_RETURN_TYPE = YES;
				GCC_WARN_UNDECLARED_SELECTOR = YES;
				GCC_WARN_UNINITIALIZED_AUTOS = YES;
				GCC_WARN_UNUSED_FUNCTION = YES;
				GCC_WARN_UNUSED_VARIABLE = YES;
				MACOSX_DEPLOYMENT_TARGET = 10.6;
				ONLY_ACTIVE_ARCH = YES;
				SDKROOT = macosx;
				WARNING_CFLAGS = (
					"-Wall",
					"-Wextra",
				);
			};
			name = Debug;
		};
		2E8B1C691361CCEC002B7CD7 /* Release */ = {
			isa = XCBuildConfiguration;
			buildSettings = {
				CLANG_WARN_BLOCK_CAPTURE_AUTORELEASING = YES;
				CLANG_WARN_BOOL_CONVERSION = YES;
				CLANG_WARN_COMMA = YES;
				CLANG_WARN_CONSTANT_CONVERSION = YES;
				CLANG_WARN_EMPTY_BODY = YES;
				CLANG_WARN_ENUM_CONVERSION = YES;
				CLANG_WARN_INFINITE_RECURSION = YES;
				CLANG_WARN_INT_CONVERSION = YES;
				CLANG_WARN_NON_LITERAL_NULL_CONVERSION = YES;
				CLANG_WARN_OBJC_LITERAL_CONVERSION = YES;
				CLANG_WARN_RANGE_LOOP_ANALYSIS = YES;
				CLANG_WARN_STRICT_PROTOTYPES = YES;
				CLANG_WARN_SUSPICIOUS_MOVE = YES;
				CLANG_WARN_UNREACHABLE_CODE = YES;
				CLANG_WARN__DUPLICATE_METHOD_MATCH = YES;
				ENABLE_STRICT_OBJC_MSGSEND = YES;
				GCC_C_LANGUAGE_STANDARD = gnu99;
				GCC_NO_COMMON_BLOCKS = YES;
				GCC_TREAT_WARNINGS_AS_ERRORS = YES;
				GCC_VERSION = com.apple.compilers.llvm.clang.1_0;
				GCC_WARN_64_TO_32_BIT_CONVERSION = YES;
				GCC_WARN_ABOUT_RETURN_TYPE = YES;
				GCC_WARN_UNDECLARED_SELECTOR = YES;
				GCC_WARN_UNINITIALIZED_AUTOS = YES;
				GCC_WARN_UNUSED_FUNCTION = YES;
				GCC_WARN_UNUSED_VARIABLE = YES;
				MACOSX_DEPLOYMENT_TARGET = 10.6;
				SDKROOT = macosx;
				WARNING_CFLAGS = (
					"-Wall",
					"-Wextra",
				);
			};
			name = Release;
		};
		2E8B1C6B1361CCEC002B7CD7 /* Debug */ = {
			isa = XCBuildConfiguration;
			baseConfigurationReference = 80A686A71A08A2FFDCF5B910 /* Pods-Demo.debug.xcconfig */;
			buildSettings = {
				ALWAYS_SEARCH_USER_PATHS = NO;
				COMBINE_HIDPI_IMAGES = YES;
				COPY_PHASE_STRIP = NO;
				GCC_DYNAMIC_NO_PIC = NO;
				GCC_ENABLE_OBJC_EXCEPTIONS = YES;
				GCC_PRECOMPILE_PREFIX_HEADER = YES;
				GCC_PREFIX_HEADER = "Demo/Demo-Prefix.pch";
				INFOPLIST_FILE = "Demo/Demo-Info.plist";
				PRODUCT_BUNDLE_IDENTIFIER = "com.shpakovski.mac.${PRODUCT_NAME:rfc1034identifier}";
				PRODUCT_NAME = "$(TARGET_NAME)";
				WRAPPER_EXTENSION = app;
			};
			name = Debug;
		};
		2E8B1C6C1361CCEC002B7CD7 /* Release */ = {
			isa = XCBuildConfiguration;
			baseConfigurationReference = EA96153DDECA74923900C4E3 /* Pods-Demo.release.xcconfig */;
			buildSettings = {
				ALWAYS_SEARCH_USER_PATHS = NO;
				COMBINE_HIDPI_IMAGES = YES;
				COPY_PHASE_STRIP = YES;
				DEBUG_INFORMATION_FORMAT = "dwarf-with-dsym";
				GCC_ENABLE_OBJC_EXCEPTIONS = YES;
				GCC_PRECOMPILE_PREFIX_HEADER = YES;
				GCC_PREFIX_HEADER = "Demo/Demo-Prefix.pch";
				INFOPLIST_FILE = "Demo/Demo-Info.plist";
				PRODUCT_BUNDLE_IDENTIFIER = "com.shpakovski.mac.${PRODUCT_NAME:rfc1034identifier}";
				PRODUCT_NAME = "$(TARGET_NAME)";
				WRAPPER_EXTENSION = app;
			};
			name = Release;
		};
/* End XCBuildConfiguration section */

/* Begin XCConfigurationList section */
		2E8B1C461361CCEB002B7CD7 /* Build configuration list for PBXProject "Demo" */ = {
			isa = XCConfigurationList;
			buildConfigurations = (
				2E8B1C681361CCEC002B7CD7 /* Debug */,
				2E8B1C691361CCEC002B7CD7 /* Release */,
			);
			defaultConfigurationIsVisible = 0;
			defaultConfigurationName = Release;
		};
		2E8B1C6A1361CCEC002B7CD7 /* Build configuration list for PBXNativeTarget "Demo" */ = {
			isa = XCConfigurationList;
			buildConfigurations = (
				2E8B1C6B1361CCEC002B7CD7 /* Debug */,
				2E8B1C6C1361CCEC002B7CD7 /* Release */,
			);
			defaultConfigurationIsVisible = 0;
			defaultConfigurationName = Release;
		};
/* End XCConfigurationList section */
	};
	rootObject = 2E8B1C431361CCEB002B7CD7 /* Project object */;
}
